# THIS IS AN AUTOGENERATED FILE. DO NOT EDIT THIS FILE DIRECTLY.
# yarn lockfile v1


"@aws-cdk/assets@1.84.0":
  version "1.84.0"
  resolved "https://registry.yarnpkg.com/@aws-cdk/assets/-/assets-1.84.0.tgz#3dc886b926f5c727447cc6beae8b59797a662d18"
  integrity sha512-KxVqc0dEqnd4E9krJh0YTsm7VezE1rhN1Vsb57HyuMPknaQrDNbkvlVp6wjEWzBatjzN9TK/H1QH7apfdiObnw==
  dependencies:
    "@aws-cdk/core" "1.84.0"
    "@aws-cdk/cx-api" "1.84.0"
    constructs "^3.2.0"

"@aws-cdk/aws-applicationautoscaling@1.84.0":
  version "1.84.0"
  resolved "https://registry.yarnpkg.com/@aws-cdk/aws-applicationautoscaling/-/aws-applicationautoscaling-1.84.0.tgz#efa4924ca734efb83ff2bcb030864a84d476f922"
  integrity sha512-KVFGdQy4MU1ddxEssaTVeuXfVkOF8aTn2gUE3X3AVs/2PldYbva58Gw05it//kD0IwwH1oMsDyqeUjLwWqhAMg==
  dependencies:
    "@aws-cdk/aws-autoscaling-common" "1.84.0"
    "@aws-cdk/aws-cloudwatch" "1.84.0"
    "@aws-cdk/aws-iam" "1.84.0"
    "@aws-cdk/core" "1.84.0"
    constructs "^3.2.0"

"@aws-cdk/aws-appsync@^1.84.0":
  version "1.84.0"
  resolved "https://registry.yarnpkg.com/@aws-cdk/aws-appsync/-/aws-appsync-1.84.0.tgz#f8d967c9be1d580f424481d6053d3d9d51e351aa"
  integrity sha512-9Jzx/sVZAO0rBmgY0NRYE8r2ydpffJwT4spjtYEhuootCSpqawhlS106HEgWeFMqVCETskyHTK2z88vbhObN6Q==
  dependencies:
    "@aws-cdk/aws-cognito" "1.84.0"
    "@aws-cdk/aws-dynamodb" "1.84.0"
    "@aws-cdk/aws-ec2" "1.84.0"
    "@aws-cdk/aws-iam" "1.84.0"
    "@aws-cdk/aws-lambda" "1.84.0"
    "@aws-cdk/aws-rds" "1.84.0"
    "@aws-cdk/aws-s3-assets" "1.84.0"
    "@aws-cdk/aws-secretsmanager" "1.84.0"
    "@aws-cdk/core" "1.84.0"
    constructs "^3.2.0"

"@aws-cdk/aws-autoscaling-common@1.84.0":
  version "1.84.0"
  resolved "https://registry.yarnpkg.com/@aws-cdk/aws-autoscaling-common/-/aws-autoscaling-common-1.84.0.tgz#b7e96a64d9da2938cd289122867d26e2b6c07870"
  integrity sha512-BHDInvig9U/X/RydCZj32ZEpAMsd+jk0SDPbY9txTbENo9rp1/h2o7+rhGoMzDNlP40+Q0CS3wnJ8/kt7CceaA==
  dependencies:
    "@aws-cdk/aws-iam" "1.84.0"
    "@aws-cdk/core" "1.84.0"
    constructs "^3.2.0"

"@aws-cdk/aws-certificatemanager@1.84.0":
  version "1.84.0"
  resolved "https://registry.yarnpkg.com/@aws-cdk/aws-certificatemanager/-/aws-certificatemanager-1.84.0.tgz#3f8c9d69bf54c1851ea13395adf9617308c9856d"
  integrity sha512-H4lkFp0CX+SxVhvq9wFB2HmF3BeQmKRYx157/u2Mue0TjADAwxGj0ui44jqiUf2ng2gTsCcSDTzr40Q6LuuyuQ==
  dependencies:
    "@aws-cdk/aws-iam" "1.84.0"
    "@aws-cdk/aws-lambda" "1.84.0"
    "@aws-cdk/aws-route53" "1.84.0"
    "@aws-cdk/core" "1.84.0"
    constructs "^3.2.0"

"@aws-cdk/aws-cloudformation@1.84.0":
  version "1.84.0"
  resolved "https://registry.yarnpkg.com/@aws-cdk/aws-cloudformation/-/aws-cloudformation-1.84.0.tgz#fb6d5db135f4b5e23befa80d5f46446f0154f774"
  integrity sha512-GGp1mQLnXX1tz4YyOMPY/JOWDDGdpWd4uWzxq7LSOkVkyWMjafNiFxhyhV0dpIFuGtxEm/+Vgj8LVxTpKZG9fA==
  dependencies:
    "@aws-cdk/aws-iam" "1.84.0"
    "@aws-cdk/aws-lambda" "1.84.0"
    "@aws-cdk/aws-s3" "1.84.0"
    "@aws-cdk/aws-sns" "1.84.0"
    "@aws-cdk/core" "1.84.0"
    "@aws-cdk/cx-api" "1.84.0"
    constructs "^3.2.0"

"@aws-cdk/aws-cloudwatch@1.84.0":
  version "1.84.0"
  resolved "https://registry.yarnpkg.com/@aws-cdk/aws-cloudwatch/-/aws-cloudwatch-1.84.0.tgz#965bfd1b1f7c774d9fd4b508cd1a03c1366f5d9b"
  integrity sha512-cBNXEWFZWO/9iH21uaLbn8QhMrQmLm5fLE4g+b/4Nm6S0+muzU8omMAuzAQNlSDZhLlHGOMs4mA2QeNhjR9khg==
  dependencies:
    "@aws-cdk/aws-iam" "1.84.0"
    "@aws-cdk/core" "1.84.0"
    constructs "^3.2.0"

"@aws-cdk/aws-codeguruprofiler@1.84.0":
  version "1.84.0"
  resolved "https://registry.yarnpkg.com/@aws-cdk/aws-codeguruprofiler/-/aws-codeguruprofiler-1.84.0.tgz#d3a9e7d7ce08127d5be456525166f5d6f9881945"
  integrity sha512-yoIsY7ubFpitjxsMiTyZsNq2FL4JdBKxO2pMAB7mTJx435WPheeig3JNT0wTefMFbQqXtYOVGVK2JMkRegeFkA==
  dependencies:
    "@aws-cdk/aws-iam" "1.84.0"
    "@aws-cdk/core" "1.84.0"
    constructs "^3.2.0"

"@aws-cdk/aws-cognito@1.84.0":
  version "1.84.0"
  resolved "https://registry.yarnpkg.com/@aws-cdk/aws-cognito/-/aws-cognito-1.84.0.tgz#5d4d0c87b5d8e0ee47aa30e4baced76987404306"
  integrity sha512-G2dhhBvC2gN68nk3mAoLn2AoJzRc0syTL3D6tzqAnkNDG+poJU57WN/sd+aVlJ7ED3EoVwKA0RAEnJaDTkvjDw==
  dependencies:
    "@aws-cdk/aws-certificatemanager" "1.84.0"
    "@aws-cdk/aws-iam" "1.84.0"
    "@aws-cdk/aws-lambda" "1.84.0"
    "@aws-cdk/core" "1.84.0"
    "@aws-cdk/custom-resources" "1.84.0"
    constructs "^3.2.0"
    punycode "^2.1.1"

"@aws-cdk/aws-dynamodb@1.84.0":
  version "1.84.0"
  resolved "https://registry.yarnpkg.com/@aws-cdk/aws-dynamodb/-/aws-dynamodb-1.84.0.tgz#fa12a5673b12935abd27bedb4e0a136b57e49a8f"
  integrity sha512-XC3OfapIWUx1gqW1+jxM7gyfvBIJFBxt/A6PZ7fO4jLUFQq8ytaCGMYLiilyAqXK/+FHIq5kGqmJT3fhnlZJoQ==
  dependencies:
    "@aws-cdk/aws-applicationautoscaling" "1.84.0"
    "@aws-cdk/aws-cloudwatch" "1.84.0"
    "@aws-cdk/aws-iam" "1.84.0"
    "@aws-cdk/aws-kms" "1.84.0"
    "@aws-cdk/aws-lambda" "1.84.0"
    "@aws-cdk/core" "1.84.0"
    "@aws-cdk/custom-resources" "1.84.0"
    constructs "^3.2.0"

"@aws-cdk/aws-ec2@1.84.0":
  version "1.84.0"
  resolved "https://registry.yarnpkg.com/@aws-cdk/aws-ec2/-/aws-ec2-1.84.0.tgz#836c5a4501a1e310d643dd719bdbf7a860ee762a"
  integrity sha512-Ugu2wTi61u8lz5IA2Ge9AoJl85ri6IybwP56HI6OBz4Dm0Dbt9TSTGO7ZTFF79ZboSy7e4KYOVnhIFSfUxj7uA==
  dependencies:
    "@aws-cdk/aws-cloudwatch" "1.84.0"
    "@aws-cdk/aws-iam" "1.84.0"
    "@aws-cdk/aws-kms" "1.84.0"
    "@aws-cdk/aws-logs" "1.84.0"
    "@aws-cdk/aws-s3" "1.84.0"
    "@aws-cdk/aws-s3-assets" "1.84.0"
    "@aws-cdk/aws-ssm" "1.84.0"
    "@aws-cdk/cloud-assembly-schema" "1.84.0"
    "@aws-cdk/core" "1.84.0"
    "@aws-cdk/cx-api" "1.84.0"
    "@aws-cdk/region-info" "1.84.0"
    constructs "^3.2.0"

"@aws-cdk/aws-ecr-assets@1.84.0":
  version "1.84.0"
  resolved "https://registry.yarnpkg.com/@aws-cdk/aws-ecr-assets/-/aws-ecr-assets-1.84.0.tgz#452135744e8cf8323690df9ba25302a74bb408a2"
  integrity sha512-xVBJBXAecSP23L+R9kqF5bF8gZj89d2aClFJSEN9djX5ONIhkNlx89wXUsC8vMByQcKj7a7WlNYwzpeQ0BIrXA==
  dependencies:
    "@aws-cdk/assets" "1.84.0"
    "@aws-cdk/aws-ecr" "1.84.0"
    "@aws-cdk/aws-iam" "1.84.0"
    "@aws-cdk/aws-s3" "1.84.0"
    "@aws-cdk/core" "1.84.0"
    "@aws-cdk/cx-api" "1.84.0"
    constructs "^3.2.0"
    minimatch "^3.0.4"

"@aws-cdk/aws-ecr@1.84.0":
  version "1.84.0"
  resolved "https://registry.yarnpkg.com/@aws-cdk/aws-ecr/-/aws-ecr-1.84.0.tgz#f2246ac2e38ed6323d1f3054f5c61a79b5af381a"
  integrity sha512-Sa9ek84QAzP0DXjnq3CTOkNkwD2OTtdKbXafnuRwoK+lk2f/IhiidRb166xNo8L11bwLpaApzQfbNCx1Zpggyg==
  dependencies:
    "@aws-cdk/aws-events" "1.84.0"
    "@aws-cdk/aws-iam" "1.84.0"
    "@aws-cdk/core" "1.84.0"
    constructs "^3.2.0"

"@aws-cdk/aws-efs@1.84.0":
  version "1.84.0"
  resolved "https://registry.yarnpkg.com/@aws-cdk/aws-efs/-/aws-efs-1.84.0.tgz#fc60634cd081d5cafcd14aa89b1c8962a1334210"
  integrity sha512-1cjNKo0Upm+ZCIAwpFtBE22NGAzU2jcts4uh98c0cwEI7tnOVUZXkGodmSaTlZyB2cQjtHjHhnVguuS8ZG97Yg==
  dependencies:
    "@aws-cdk/aws-ec2" "1.84.0"
    "@aws-cdk/aws-kms" "1.84.0"
    "@aws-cdk/cloud-assembly-schema" "1.84.0"
    "@aws-cdk/core" "1.84.0"
    "@aws-cdk/cx-api" "1.84.0"
    constructs "^3.2.0"

"@aws-cdk/aws-events@1.84.0":
  version "1.84.0"
  resolved "https://registry.yarnpkg.com/@aws-cdk/aws-events/-/aws-events-1.84.0.tgz#e17daf33d70bae1038e3886e795ecaae2ff657d3"
  integrity sha512-4FGMf7+2g5PI72nrZ3uzm//XXyZl19wom3wZ8Zb/XaJ52SFTf73MDkshDLQEiG1fbLztW+fAJwdd40eVtoadbg==
  dependencies:
    "@aws-cdk/aws-iam" "1.84.0"
    "@aws-cdk/core" "1.84.0"
    constructs "^3.2.0"

"@aws-cdk/aws-iam@1.84.0":
  version "1.84.0"
  resolved "https://registry.yarnpkg.com/@aws-cdk/aws-iam/-/aws-iam-1.84.0.tgz#4bb8a971929d471166031ecb3fc14e888ec9cb08"
  integrity sha512-KiUkwLRjaIj9ARLhThA82kIsl1+l6ijukmGpF1FNLPl3spIiLlxCaEc3YHWJosVmcJwQY+ry+9xStG6BWZ1xDA==
  dependencies:
    "@aws-cdk/core" "1.84.0"
    "@aws-cdk/region-info" "1.84.0"
    constructs "^3.2.0"

"@aws-cdk/aws-kms@1.84.0":
  version "1.84.0"
  resolved "https://registry.yarnpkg.com/@aws-cdk/aws-kms/-/aws-kms-1.84.0.tgz#7d43304388dddb23afc6aff19591b9e28a850abe"
  integrity sha512-qh5ZT9pi0vnz4OR9FSQviU9aOIg8ro+zlvxqDz3UYjqL3xEm9yTaNwAjcCKNFvLvuflB2+p0ZbjqpOpFrB1igQ==
  dependencies:
    "@aws-cdk/aws-iam" "1.84.0"
    "@aws-cdk/core" "1.84.0"
    "@aws-cdk/cx-api" "1.84.0"
    constructs "^3.2.0"

"@aws-cdk/aws-lambda@1.84.0", "@aws-cdk/aws-lambda@^1.84.0":
  version "1.84.0"
  resolved "https://registry.yarnpkg.com/@aws-cdk/aws-lambda/-/aws-lambda-1.84.0.tgz#c3e8dc60037f962926a179b2c567b688648a360f"
  integrity sha512-eQE/rsJSN0upYLmP7NjEcN2mSiw43fBC1S1HLSIz5C+QTaajtdgDhtq5fASB6jyb8ZLQ81RLGShp9Ly/JD2/KA==
  dependencies:
    "@aws-cdk/aws-applicationautoscaling" "1.84.0"
    "@aws-cdk/aws-cloudwatch" "1.84.0"
    "@aws-cdk/aws-codeguruprofiler" "1.84.0"
    "@aws-cdk/aws-ec2" "1.84.0"
    "@aws-cdk/aws-ecr" "1.84.0"
    "@aws-cdk/aws-ecr-assets" "1.84.0"
    "@aws-cdk/aws-efs" "1.84.0"
    "@aws-cdk/aws-events" "1.84.0"
    "@aws-cdk/aws-iam" "1.84.0"
    "@aws-cdk/aws-kms" "1.84.0"
    "@aws-cdk/aws-logs" "1.84.0"
    "@aws-cdk/aws-s3" "1.84.0"
    "@aws-cdk/aws-s3-assets" "1.84.0"
    "@aws-cdk/aws-sqs" "1.84.0"
    "@aws-cdk/core" "1.84.0"
    "@aws-cdk/cx-api" "1.84.0"
    constructs "^3.2.0"

"@aws-cdk/aws-logs@1.84.0":
  version "1.84.0"
  resolved "https://registry.yarnpkg.com/@aws-cdk/aws-logs/-/aws-logs-1.84.0.tgz#7309ab436e91ed6b77ac73fd814e6f31410b9d8e"
  integrity sha512-504hr3gryEmzoiPSRqWWcD0D9U79HUT78Phu9R0iRnXxexhL0gzFrHwwhj7HjZObrHz7N6pecUQR/yqFz7m1vA==
  dependencies:
    "@aws-cdk/aws-cloudwatch" "1.84.0"
    "@aws-cdk/aws-iam" "1.84.0"
    "@aws-cdk/aws-kms" "1.84.0"
    "@aws-cdk/aws-s3-assets" "1.84.0"
    "@aws-cdk/core" "1.84.0"
    constructs "^3.2.0"

"@aws-cdk/aws-rds@1.84.0":
  version "1.84.0"
  resolved "https://registry.yarnpkg.com/@aws-cdk/aws-rds/-/aws-rds-1.84.0.tgz#2f9533a67cc4723b2e7b3153ee054e58150f4f56"
  integrity sha512-KWSsXOa5vuSA0DuyCcEVG3W8hGcU5NBoSGtwT3GYh8WTq2Q4CfpclwbhyLHcgBHS5HnVIkODcB4zIVbEwWmnDg==
  dependencies:
    "@aws-cdk/aws-cloudwatch" "1.84.0"
    "@aws-cdk/aws-ec2" "1.84.0"
    "@aws-cdk/aws-events" "1.84.0"
    "@aws-cdk/aws-iam" "1.84.0"
    "@aws-cdk/aws-kms" "1.84.0"
    "@aws-cdk/aws-logs" "1.84.0"
    "@aws-cdk/aws-s3" "1.84.0"
    "@aws-cdk/aws-secretsmanager" "1.84.0"
    "@aws-cdk/core" "1.84.0"
    constructs "^3.2.0"

"@aws-cdk/aws-route53@1.84.0":
  version "1.84.0"
  resolved "https://registry.yarnpkg.com/@aws-cdk/aws-route53/-/aws-route53-1.84.0.tgz#6ca228863025e09928923b55eb270a35b2aab5fe"
  integrity sha512-p8N6KfGq5wuHSVN8wQvAn8spvzuiU9IuLnf7yqnbNpNYVL5FBD+r/nz3cdIZgdG8O8TJNo1p4CnRm+M7mFEtUg==
  dependencies:
    "@aws-cdk/aws-ec2" "1.84.0"
    "@aws-cdk/aws-logs" "1.84.0"
    "@aws-cdk/cloud-assembly-schema" "1.84.0"
    "@aws-cdk/core" "1.84.0"
    "@aws-cdk/custom-resources" "1.84.0"
    constructs "^3.2.0"

"@aws-cdk/aws-s3-assets@1.84.0":
  version "1.84.0"
  resolved "https://registry.yarnpkg.com/@aws-cdk/aws-s3-assets/-/aws-s3-assets-1.84.0.tgz#baca837ac76498d4a5f89558e9ee8705247515c1"
  integrity sha512-b8VMBFNZAPd+z1LvD8hIuDc98qloyq+becyr5zwaXbKwN2LLmgHskf2YtAcFJlapX9/5M4rwnpKJ6c1m6CLlPQ==
  dependencies:
    "@aws-cdk/assets" "1.84.0"
    "@aws-cdk/aws-iam" "1.84.0"
    "@aws-cdk/aws-kms" "1.84.0"
    "@aws-cdk/aws-s3" "1.84.0"
    "@aws-cdk/core" "1.84.0"
    "@aws-cdk/cx-api" "1.84.0"
    constructs "^3.2.0"

"@aws-cdk/aws-s3@1.84.0":
  version "1.84.0"
  resolved "https://registry.yarnpkg.com/@aws-cdk/aws-s3/-/aws-s3-1.84.0.tgz#e7eccba7192a470c04c646b99d02b22e94da5c66"
  integrity sha512-8MIYBfDBZM2ePzEqjFtBvve3l/Dra2Ah9jiP4r1IY5tSFkHgLO1P9ahBe8ctUlRcOHSo0jApQFsulBI8xYkTzQ==
  dependencies:
    "@aws-cdk/aws-events" "1.84.0"
    "@aws-cdk/aws-iam" "1.84.0"
    "@aws-cdk/aws-kms" "1.84.0"
    "@aws-cdk/core" "1.84.0"
    constructs "^3.2.0"

"@aws-cdk/aws-sam@1.84.0":
  version "1.84.0"
  resolved "https://registry.yarnpkg.com/@aws-cdk/aws-sam/-/aws-sam-1.84.0.tgz#07448487845f53ae585d6ea8f4ff9755ac2cf1e3"
  integrity sha512-Y0M93QGovAITWb0y9fce6JeftKPDq0jNGnPdWh23m6Ewho20yhFxprQEzmushI6ijeHJrOyD1PGt/hxgo6+AjA==
  dependencies:
    "@aws-cdk/core" "1.84.0"
    constructs "^3.2.0"

"@aws-cdk/aws-secretsmanager@1.84.0":
  version "1.84.0"
  resolved "https://registry.yarnpkg.com/@aws-cdk/aws-secretsmanager/-/aws-secretsmanager-1.84.0.tgz#28737dfa093fd7f64ab021dae3c2fc9f595d2c94"
  integrity sha512-CSjR3/gtPjtg1Nv4WguIYjjIFt5eP0AYZk/ww7iM3lrd2oQ/7haNNjrMvQyAUfSoCNxgps4cw1aw8nUqvuzIkQ==
  dependencies:
    "@aws-cdk/aws-ec2" "1.84.0"
    "@aws-cdk/aws-iam" "1.84.0"
    "@aws-cdk/aws-kms" "1.84.0"
    "@aws-cdk/aws-lambda" "1.84.0"
    "@aws-cdk/aws-sam" "1.84.0"
    "@aws-cdk/core" "1.84.0"
    "@aws-cdk/cx-api" "1.84.0"
    constructs "^3.2.0"

"@aws-cdk/aws-sns@1.84.0":
  version "1.84.0"
  resolved "https://registry.yarnpkg.com/@aws-cdk/aws-sns/-/aws-sns-1.84.0.tgz#148b26be64ee1ab127f596caa3349fc0530d153d"
  integrity sha512-X2xW2OlZW5iJNPLkXzcDs1RnWKijuk3kxzBXDS1MI/P4ip3vrSiGFwhbGMLlBX+M4oSfaDI2ukU6VenBXqXLJA==
  dependencies:
    "@aws-cdk/aws-cloudwatch" "1.84.0"
    "@aws-cdk/aws-events" "1.84.0"
    "@aws-cdk/aws-iam" "1.84.0"
    "@aws-cdk/aws-kms" "1.84.0"
    "@aws-cdk/aws-sqs" "1.84.0"
    "@aws-cdk/core" "1.84.0"
    constructs "^3.2.0"

"@aws-cdk/aws-sqs@1.84.0":
  version "1.84.0"
  resolved "https://registry.yarnpkg.com/@aws-cdk/aws-sqs/-/aws-sqs-1.84.0.tgz#aea7df357d6724b9cc1d16a182dcb8869d05d3b0"
  integrity sha512-tZPTtaEUTSm1bAql4CX5oYKjN3qFyB0cQlZjArIpL+qx6tblh3Ojg/MdPQgQEzSpJ/Yh0WRtLdunFNzCddza1w==
  dependencies:
    "@aws-cdk/aws-cloudwatch" "1.84.0"
    "@aws-cdk/aws-iam" "1.84.0"
    "@aws-cdk/aws-kms" "1.84.0"
    "@aws-cdk/core" "1.84.0"
    constructs "^3.2.0"

"@aws-cdk/aws-ssm@1.84.0":
  version "1.84.0"
  resolved "https://registry.yarnpkg.com/@aws-cdk/aws-ssm/-/aws-ssm-1.84.0.tgz#e229516ca5fe0f2e04491801be194545cd19f710"
  integrity sha512-65tbJoeH9wQXhYhZk423BU+kGIgt24+X+vMQeAwOta460jRcbuBeqFeRQaIrHe53KVAmLmYbygkLtuSBpNucxA==
  dependencies:
    "@aws-cdk/aws-iam" "1.84.0"
    "@aws-cdk/aws-kms" "1.84.0"
    "@aws-cdk/cloud-assembly-schema" "1.84.0"
    "@aws-cdk/core" "1.84.0"
    constructs "^3.2.0"

"@aws-cdk/cloud-assembly-schema@1.84.0":
  version "1.84.0"
  resolved "https://registry.yarnpkg.com/@aws-cdk/cloud-assembly-schema/-/cloud-assembly-schema-1.84.0.tgz#6193ad321986602bc9dec8f51a525dc148b550d4"
  integrity sha512-v/Oa0v7akHBe9M0n9tj+Etkya2d6j3N2CNSf3uNyCG2S0sHS+G0PLT/nryUIAcG5jf3kZ/XXJhKEP2p6t36Gqg==
  dependencies:
    jsonschema "^1.4.0"
    semver "^7.3.2"

"@aws-cdk/core@1.84.0":
  version "1.84.0"
  resolved "https://registry.yarnpkg.com/@aws-cdk/core/-/core-1.84.0.tgz#c018d7394510e1cd3486313eb5819f3937e4bc29"
  integrity sha512-mMcerIKjRqIQYoMp/h8qqBG2QSrvCZDVf1VEtMTkl1EsnoOiDAh2bR1HKK8Q1iLIMp3RM8myfytU8JWB051vSg==
  dependencies:
    "@aws-cdk/cloud-assembly-schema" "1.84.0"
    "@aws-cdk/cx-api" "1.84.0"
    "@aws-cdk/region-info" "1.84.0"
    "@balena/dockerignore" "^1.0.2"
    constructs "^3.2.0"
    fs-extra "^9.0.1"
    ignore "^5.1.8"
    minimatch "^3.0.4"

"@aws-cdk/custom-resources@1.84.0":
  version "1.84.0"
  resolved "https://registry.yarnpkg.com/@aws-cdk/custom-resources/-/custom-resources-1.84.0.tgz#85dfa8e5f0769d2b70f3fb4f5543286ee4a2b2c9"
  integrity sha512-m9v7N535c6TW/mTdECwgUgnqqEIdbeoRQdaWmXcQAXVGz906i18aGV5Mf8vHkjEVt7fqKDjjGMvjX1c7Ssx+FA==
  dependencies:
    "@aws-cdk/aws-cloudformation" "1.84.0"
    "@aws-cdk/aws-ec2" "1.84.0"
    "@aws-cdk/aws-iam" "1.84.0"
    "@aws-cdk/aws-lambda" "1.84.0"
    "@aws-cdk/aws-logs" "1.84.0"
    "@aws-cdk/aws-sns" "1.84.0"
    "@aws-cdk/core" "1.84.0"
    constructs "^3.2.0"

"@aws-cdk/cx-api@1.84.0":
  version "1.84.0"
  resolved "https://registry.yarnpkg.com/@aws-cdk/cx-api/-/cx-api-1.84.0.tgz#3428595e7f2101166442b6d9f595c4a4a7d2ae02"
  integrity sha512-IB+zlFIb1ak1pmYmfvpSEMKfa6sSI0Db9fubTNKlhuMnmUJlLWmlFezEsVwuB6e1CMD/uu6Dw3bcnqwWJ+Tdjw==
  dependencies:
    "@aws-cdk/cloud-assembly-schema" "1.84.0"
    semver "^7.3.2"

"@aws-cdk/region-info@1.84.0":
  version "1.84.0"
  resolved "https://registry.yarnpkg.com/@aws-cdk/region-info/-/region-info-1.84.0.tgz#8b3a382c5794318ceafcd924d4405472245e85a6"
  integrity sha512-5TDyw9trRK0MUcjCTVPWmXDeltDJOg2OPc4pLmaS1ZitpfeV59ZJlm2P4pEw+qAMDd57YEGSK5e/6JXR1tXHqg==

"@balena/dockerignore@^1.0.2":
  version "1.0.2"
  resolved "https://registry.yarnpkg.com/@balena/dockerignore/-/dockerignore-1.0.2.tgz#9ffe4726915251e8eb69f44ef3547e0da2c03e0d"
  integrity sha512-wMue2Sy4GAVTk6Ic4tJVcnfdau+gx2EnG7S+uAEe+TWJFqE4YoWN4/H8MSLj4eYJKxGg26lZwboEniNiNwZQ6Q==

"@types/bson@*":
  version "4.0.3"
  resolved "https://registry.yarnpkg.com/@types/bson/-/bson-4.0.3.tgz#30889d2ffde6262abbe38659364c631454999fbf"
  integrity sha512-mVRvYnTOZJz3ccpxhr3wgxVmSeiYinW+zlzQz3SXWaJmD1DuL05Jeq7nKw3SnbKmbleW5qrLG5vdyWe/A9sXhw==
  dependencies:
    "@types/node" "*"

"@types/mongodb@^3.5.27":
  version "3.6.3"
  resolved "https://registry.yarnpkg.com/@types/mongodb/-/mongodb-3.6.3.tgz#5655af409d9e32d5d5ae9a653abf3e5f9c83eb7a"
  integrity sha512-6YNqGP1hk5bjUFaim+QoFFuI61WjHiHE1BNeB41TA00Xd2K7zG4lcWyLLq/XtIp36uMavvS5hoAUJ+1u/GcX2Q==
  dependencies:
    "@types/bson" "*"
    "@types/node" "*"

"@types/node@*":
  version "14.14.20"
  resolved "https://registry.yarnpkg.com/@types/node/-/node-14.14.20.tgz#f7974863edd21d1f8a494a73e8e2b3658615c340"
  integrity sha512-Y93R97Ouif9JEOWPIUyU+eyIdyRqQR0I8Ez1dzku4hDx34NWh4HbtIc3WNzwB1Y9ULvNGeu5B8h8bVL5cAk4/A==

at-least-node@^1.0.0:
  version "1.0.0"
  resolved "https://registry.yarnpkg.com/at-least-node/-/at-least-node-1.0.0.tgz#602cd4b46e844ad4effc92a8011a3c46e0238dc2"
  integrity sha512-+q/t7Ekv1EDY2l6Gda6LLiX14rU9TV20Wa3ofeQmwPFZbOMo9DXrLbOjFaaclkXKWidIaopwAObQDqwWtGUjqg==

balanced-match@^1.0.0:
  version "1.0.0"
  resolved "https://registry.yarnpkg.com/balanced-match/-/balanced-match-1.0.0.tgz#89b4d199ab2bee49de164ea02b89ce462d71b767"
  integrity sha1-ibTRmasr7kneFk6gK4nORi1xt2c=

bl@^2.2.1:
  version "2.2.1"
  resolved "https://registry.yarnpkg.com/bl/-/bl-2.2.1.tgz#8c11a7b730655c5d56898cdc871224f40fd901d5"
  integrity sha512-6Pesp1w0DEX1N550i/uGV/TqucVL4AM/pgThFSN/Qq9si1/DF9aIHs1BxD8V/QU0HoeHO6cQRTAuYnLPKq1e4g==
  dependencies:
    readable-stream "^2.3.5"
    safe-buffer "^5.1.1"

bluebird@3.5.1:
  version "3.5.1"
  resolved "https://registry.yarnpkg.com/bluebird/-/bluebird-3.5.1.tgz#d9551f9de98f1fcda1e683d17ee91a0602ee2eb9"
  integrity sha512-MKiLiV+I1AA596t9w1sQJ8jkiSr5+ZKi0WKrYGUn6d1Fx+Ij4tIj+m2WMQSGczs5jZVxV339chE8iwk6F64wjA==

brace-expansion@^1.1.7:
  version "1.1.11"
  resolved "https://registry.yarnpkg.com/brace-expansion/-/brace-expansion-1.1.11.tgz#3c7fcbf529d87226f3d2f52b966ff5271eb441dd"
  integrity sha512-iCuPHDFgrHX7H2vEI/5xpz07zSHB00TpugqhmYtVmMO6518mCuRMoOYFldEBl0g187ufozdaHgWKcYFb61qGiA==
  dependencies:
    balanced-match "^1.0.0"
    concat-map "0.0.1"

bson@^1.1.4:
  version "1.1.5"
  resolved "https://registry.yarnpkg.com/bson/-/bson-1.1.5.tgz#2aaae98fcdf6750c0848b0cba1ddec3c73060a34"
  integrity sha512-kDuEzldR21lHciPQAIulLs1LZlCXdLziXI6Mb/TDkwXhb//UORJNPXgcRs2CuO4H0DcMkpfT3/ySsP3unoZjBg==

buffer-from@^1.0.0:
  version "1.1.1"
  resolved "https://registry.yarnpkg.com/buffer-from/-/buffer-from-1.1.1.tgz#32713bc028f75c02fdb710d7c7bcec1f2c6070ef"
  integrity sha512-MQcXEUbCKtEo7bhqEs6560Hyd4XaovZlO/k9V3hjVUF/zwW7KBVdSK4gIt/bzwS9MbR5qob+F5jusZsb0YQK2A==

concat-map@0.0.1:
  version "0.0.1"
  resolved "https://registry.yarnpkg.com/concat-map/-/concat-map-0.0.1.tgz#d8a96bd77fd68df7793a73036a3ba0d5405d477b"
  integrity sha1-2Klr13/Wjfd5OnMDajug1UBdR3s=

constructs@^3.2.0:
  version "3.2.103"
  resolved "https://registry.yarnpkg.com/constructs/-/constructs-3.2.103.tgz#9c0e090c0acacea318b450923408d1a00a8bbf80"
  integrity sha512-Qf9ZBpEGPOhQvTXctbDKe5PSoXOfls/TsIi7iOGAOGBaKZf6HRL4zVDJkwCb0EAGS4yqraGSkw+HyaQuDvHNEw==

core-util-is@~1.0.0:
  version "1.0.2"
  resolved "https://registry.yarnpkg.com/core-util-is/-/core-util-is-1.0.2.tgz#b5fd54220aa2bc5ab57aab7140c940754503c1a7"
  integrity sha1-tf1UIgqivFq1eqtxQMlAdUUDwac=

debug@3.1.0:
  version "3.1.0"
  resolved "https://registry.yarnpkg.com/debug/-/debug-3.1.0.tgz#5bb5a0672628b64149566ba16819e61518c67261"
  integrity sha512-OX8XqP7/1a9cqkxYw2yXss15f26NKWBpDXQd0/uK/KPqdQhxbPa994hnzjcE2VqQpDslf55723cKPUOGSmMY3g==
  dependencies:
    ms "2.0.0"

denque@^1.4.1:
  version "1.5.0"
  resolved "https://registry.yarnpkg.com/denque/-/denque-1.5.0.tgz#773de0686ff2d8ec2ff92914316a47b73b1c73de"
  integrity sha512-CYiCSgIF1p6EUByQPlGkKnP1M9g0ZV3qMIrqMqZqdwazygIA/YP2vrbcyl1h/WppKJTdl1F85cXIle+394iDAQ==

fs-extra@^9.0.1:
  version "9.0.1"
  resolved "https://registry.yarnpkg.com/fs-extra/-/fs-extra-9.0.1.tgz#910da0062437ba4c39fedd863f1675ccfefcb9fc"
  integrity sha512-h2iAoN838FqAFJY2/qVpzFXy+EBxfVE220PalAqQLDVsFOHLJrZvut5puAbCdNv6WJk+B8ihI+k0c7JK5erwqQ==
  dependencies:
    at-least-node "^1.0.0"
    graceful-fs "^4.2.0"
    jsonfile "^6.0.1"
    universalify "^1.0.0"

graceful-fs@^4.1.6, graceful-fs@^4.2.0:
  version "4.2.4"
  resolved "https://registry.yarnpkg.com/graceful-fs/-/graceful-fs-4.2.4.tgz#2256bde14d3632958c465ebc96dc467ca07a29fb"
  integrity sha512-WjKPNJF79dtJAVniUlGGWHYGz2jWxT6VhN/4m1NdkbZ2nOsEF+cI1Edgql5zCRhs/VsQYRvrXctxktVXZUkixw==

ignore@^5.1.8:
  version "5.1.8"
  resolved "https://registry.yarnpkg.com/ignore/-/ignore-5.1.8.tgz#f150a8b50a34289b33e22f5889abd4d8016f0e57"
  integrity sha512-BMpfD7PpiETpBl/A6S498BaIJ6Y/ABT93ETbby2fP00v4EbvPBXWEoaR1UBPKs3iR53pJY7EtZk5KACI57i1Uw==

inherits@~2.0.3:
  version "2.0.4"
  resolved "https://registry.yarnpkg.com/inherits/-/inherits-2.0.4.tgz#0fa2c64f932917c3433a0ded55363aae37416b7c"
  integrity sha512-k/vGaX4/Yla3WzyMCvTQOXYeIHvqOKtnqBduzTHpzpQZzAskKMhZ2K+EnBiSM9zGSoIFeMpXKxa4dYeZIQqewQ==

isarray@~1.0.0:
  version "1.0.0"
  resolved "https://registry.yarnpkg.com/isarray/-/isarray-1.0.0.tgz#bb935d48582cba168c06834957a54a3e07124f11"
  integrity sha1-u5NdSFgsuhaMBoNJV6VKPgcSTxE=

jsonfile@^6.0.1:
  version "6.1.0"
  resolved "https://registry.yarnpkg.com/jsonfile/-/jsonfile-6.1.0.tgz#bc55b2634793c679ec6403094eb13698a6ec0aae"
  integrity sha512-5dgndWOriYSm5cnYaJNhalLNDKOqFwyDB/rr1E9ZsGciGvKPs8R2xYGCacuf3z6K1YKDz182fd+fY3cn3pMqXQ==
  dependencies:
    universalify "^2.0.0"
  optionalDependencies:
    graceful-fs "^4.1.6"

jsonschema@^1.4.0:
  version "1.4.0"
  resolved "https://registry.yarnpkg.com/jsonschema/-/jsonschema-1.4.0.tgz#1afa34c4bc22190d8e42271ec17ac8b3404f87b2"
  integrity sha512-/YgW6pRMr6M7C+4o8kS+B/2myEpHCrxO4PEWnqJNBFMjn7EWXqlQ4tGwL6xTHeRplwuZmcAncdvfOad1nT2yMw==

kareem@2.3.2:
  version "2.3.2"
  resolved "https://registry.yarnpkg.com/kareem/-/kareem-2.3.2.tgz#78c4508894985b8d38a0dc15e1a8e11078f2ca93"
  integrity sha512-STHz9P7X2L4Kwn72fA4rGyqyXdmrMSdxqHx9IXon/FXluXieaFA6KJ2upcHAHxQPQ0LeM/OjLrhFxifHewOALQ==

lru-cache@^6.0.0:
  version "6.0.0"
  resolved "https://registry.yarnpkg.com/lru-cache/-/lru-cache-6.0.0.tgz#6d6fe6570ebd96aaf90fcad1dafa3b2566db3a94"
  integrity sha512-Jo6dJ04CmSjuznwJSS3pUeWmd/H0ffTlkXXgwZi+eq1UCmqQwCh+eLsYOYCwY991i2Fah4h1BEMCx4qThGbsiA==
  dependencies:
    yallist "^4.0.0"

memory-pager@^1.0.2:
  version "1.5.0"
  resolved "https://registry.yarnpkg.com/memory-pager/-/memory-pager-1.5.0.tgz#d8751655d22d384682741c972f2c3d6dfa3e66b5"
  integrity sha512-ZS4Bp4r/Zoeq6+NLJpP+0Zzm0pR8whtGPf1XExKLJBAczGMnSi3It14OiNCStjQjM6NU1okjQGSxgEZN8eBYKg==

minimatch@^3.0.4:
  version "3.0.4"
  resolved "https://registry.yarnpkg.com/minimatch/-/minimatch-3.0.4.tgz#5166e286457f03306064be5497e8dbb0c3d32083"
  integrity sha512-yJHVQEhyqPLUTgt9B83PXu6W3rx4MvvHvSUvToogpwoGDOUQ+yDrR0HRot+yOCdCO7u4hX3pWft6kWBBcqh0UA==
  dependencies:
    brace-expansion "^1.1.7"

mongodb@3.6.3:
  version "3.6.3"
  resolved "https://registry.yarnpkg.com/mongodb/-/mongodb-3.6.3.tgz#eddaed0cc3598474d7a15f0f2a5b04848489fd05"
  integrity sha512-rOZuR0QkodZiM+UbQE5kDsJykBqWi0CL4Ec2i1nrGrUI3KO11r6Fbxskqmq3JK2NH7aW4dcccBuUujAP0ERl5w==
  dependencies:
    bl "^2.2.1"
    bson "^1.1.4"
    denque "^1.4.1"
    require_optional "^1.0.1"
    safe-buffer "^5.1.2"
  optionalDependencies:
    saslprep "^1.0.0"

mongoose-legacy-pluralize@1.0.2:
  version "1.0.2"
  resolved "https://registry.yarnpkg.com/mongoose-legacy-pluralize/-/mongoose-legacy-pluralize-1.0.2.tgz#3ba9f91fa507b5186d399fb40854bff18fb563e4"
  integrity sha512-Yo/7qQU4/EyIS8YDFSeenIvXxZN+ld7YdV9LqFVQJzTLye8unujAWPZ4NWKfFA+RNjh+wvTWKY9Z3E5XM6ZZiQ==

mongoose@^5.11.11:
  version "5.11.11"
  resolved "https://registry.yarnpkg.com/mongoose/-/mongoose-5.11.11.tgz#f0f1b3691385aa8cf0e4acdec20f1851bb6f9660"
  integrity sha512-JgKKAosJf6medPOZi2LmO7sMz7Sg00mgjyPAKari3alzL+R/n8D+zKK29iGtJpNNtv9IKy14H37CWuiaZ7016w==
  dependencies:
    "@types/mongodb" "^3.5.27"
    bson "^1.1.4"
    kareem "2.3.2"
    mongodb "3.6.3"
    mongoose-legacy-pluralize "1.0.2"
    mpath "0.8.3"
    mquery "3.2.3"
    ms "2.1.2"
    regexp-clone "1.0.0"
    safe-buffer "5.2.1"
    sift "7.0.1"
    sliced "1.0.1"

mpath@0.8.3:
  version "0.8.3"
  resolved "https://registry.yarnpkg.com/mpath/-/mpath-0.8.3.tgz#828ac0d187f7f42674839d74921970979abbdd8f"
  integrity sha512-eb9rRvhDltXVNL6Fxd2zM9D4vKBxjVVQNLNijlj7uoXUy19zNDsIif5zR+pWmPCWNKwAtqyo4JveQm4nfD5+eA==

mquery@3.2.3:
  version "3.2.3"
  resolved "https://registry.yarnpkg.com/mquery/-/mquery-3.2.3.tgz#bcf54fdfe3baf57b6a22f9b62b1ad5fa18ffe96a"
  integrity sha512-cIfbP4TyMYX+SkaQ2MntD+F2XbqaBHUYWk3j+kqdDztPWok3tgyssOZxMHMtzbV1w9DaSlvEea0Iocuro41A4g==
  dependencies:
    bluebird "3.5.1"
    debug "3.1.0"
    regexp-clone "^1.0.0"
    safe-buffer "5.1.2"
    sliced "1.0.1"

ms@2.0.0, ms@2.1.2:
  version "2.1.2"
  resolved "https://registry.yarnpkg.com/ms/-/ms-2.1.2.tgz#d09d1f357b443f493382a8eb3ccd183872ae6009"
  integrity sha512-sGkPx+VjMtmA6MX27oA4FBFELFCZZ4S4XqeGOXCv68tT+jb3vk/RyaKWP0PTKyWtmLSM0b+adUTEvbs1PEaH2w==

process-nextick-args@~2.0.0:
  version "2.0.1"
  resolved "https://registry.yarnpkg.com/process-nextick-args/-/process-nextick-args-2.0.1.tgz#7820d9b16120cc55ca9ae7792680ae7dba6d7fe2"
  integrity sha512-3ouUOpQhtgrbOa17J7+uxOTpITYWaGP7/AhoR3+A+/1e9skrzelGi/dXzEYyvbxubEF6Wn2ypscTKiKJFFn1ag==

punycode@^2.1.1:
  version "2.1.1"
  resolved "https://registry.yarnpkg.com/punycode/-/punycode-2.1.1.tgz#b58b010ac40c22c5657616c8d2c2c02c7bf479ec"
  integrity sha512-XRsRjdf+j5ml+y/6GKHPZbrF/8p2Yga0JPtdqTIY2Xe5ohJPD9saDJJLPvp9+NSBprVvevdXZybnj2cv8OEd0A==

readable-stream@^2.3.5:
  version "2.3.7"
  resolved "https://registry.yarnpkg.com/readable-stream/-/readable-stream-2.3.7.tgz#1eca1cf711aef814c04f62252a36a62f6cb23b57"
  integrity sha512-Ebho8K4jIbHAxnuxi7o42OrZgF/ZTNcsZj6nRKyUmkhLFq8CHItp/fy6hQZuZmP/n3yZ9VBUbp4zz/mX8hmYPw==
  dependencies:
    core-util-is "~1.0.0"
    inherits "~2.0.3"
    isarray "~1.0.0"
    process-nextick-args "~2.0.0"
    safe-buffer "~5.1.1"
    string_decoder "~1.1.1"
    util-deprecate "~1.0.1"

regexp-clone@1.0.0, regexp-clone@^1.0.0:
  version "1.0.0"
  resolved "https://registry.yarnpkg.com/regexp-clone/-/regexp-clone-1.0.0.tgz#222db967623277056260b992626354a04ce9bf63"
  integrity sha512-TuAasHQNamyyJ2hb97IuBEif4qBHGjPHBS64sZwytpLEqtBQ1gPJTnOaQ6qmpET16cK14kkjbazl6+p0RRv0yw==

require_optional@^1.0.1:
  version "1.0.1"
  resolved "https://registry.yarnpkg.com/require_optional/-/require_optional-1.0.1.tgz#4cf35a4247f64ca3df8c2ef208cc494b1ca8fc2e"
  integrity sha512-qhM/y57enGWHAe3v/NcwML6a3/vfESLe/sGM2dII+gEO0BpKRUkWZow/tyloNqJyN6kXSl3RyyM8Ll5D/sJP8g==
  dependencies:
    resolve-from "^2.0.0"
    semver "^5.1.0"

resolve-from@^2.0.0:
  version "2.0.0"
  resolved "https://registry.yarnpkg.com/resolve-from/-/resolve-from-2.0.0.tgz#9480ab20e94ffa1d9e80a804c7ea147611966b57"
  integrity sha1-lICrIOlP+h2egKgEx+oUdhGWa1c=

safe-buffer@5.1.2, safe-buffer@5.2.1, safe-buffer@^5.1.1, safe-buffer@^5.1.2, safe-buffer@~5.1.0, safe-buffer@~5.1.1:
  version "5.2.1"
  resolved "https://registry.yarnpkg.com/safe-buffer/-/safe-buffer-5.2.1.tgz#1eaf9fa9bdb1fdd4ec75f58f9cdb4e6b7827eec6"
  integrity sha512-rp3So07KcdmmKbGvgaNxQSJr7bGVSVk5S9Eq1F+ppbRo70+YeaDxkw5Dd8NPN+GD6bjnYm2VuPuCXmpuYvmCXQ==

saslprep@^1.0.0:
  version "1.0.3"
  resolved "https://registry.yarnpkg.com/saslprep/-/saslprep-1.0.3.tgz#4c02f946b56cf54297e347ba1093e7acac4cf226"
  integrity sha512-/MY/PEMbk2SuY5sScONwhUDsV2p77Znkb/q3nSVstq/yQzYJOH/Azh29p9oJLsl3LnQwSvZDKagDGBsBwSooag==
  dependencies:
    sparse-bitfield "^3.0.3"

semver@7.3.4, semver@^5.1.0, semver@^7.3.2:
  version "7.3.4"
  resolved "https://registry.yarnpkg.com/semver/-/semver-7.3.4.tgz#27aaa7d2e4ca76452f98d3add093a72c943edc97"
  integrity sha512-tCfb2WLjqFAtXn4KEdxIhalnRtoKFN7nAwj0B3ZXCbQloV2tq5eDbcTmT68JJD3nRJq24/XgxtQKFIpQdtvmVw==
  dependencies:
    lru-cache "^6.0.0"

sift@7.0.1:
  version "7.0.1"
  resolved "https://registry.yarnpkg.com/sift/-/sift-7.0.1.tgz#47d62c50b159d316f1372f8b53f9c10cd21a4b08"
  integrity sha512-oqD7PMJ+uO6jV9EQCl0LrRw1OwsiPsiFQR5AR30heR+4Dl7jBBbDLnNvWiak20tzZlSE1H7RB30SX/1j/YYT7g==

sliced@1.0.1:
  version "1.0.1"
  resolved "https://registry.yarnpkg.com/sliced/-/sliced-1.0.1.tgz#0b3a662b5d04c3177b1926bea82b03f837a2ef41"
  integrity sha1-CzpmK10Ewxd7GSa+qCsD+Dei70E=

source-map-support@^0.5.16:
  version "0.5.19"
  resolved "https://registry.yarnpkg.com/source-map-support/-/source-map-support-0.5.19.tgz#a98b62f86dcaf4f67399648c085291ab9e8fed61"
  integrity sha512-Wonm7zOCIJzBGQdB+thsPar0kYuCIzYvxZwlBa87yi/Mdjv7Tip2cyVbLj5o0cFPN4EVkuTwb3GDDyUx2DGnGw==
  dependencies:
    buffer-from "^1.0.0"
    source-map "^0.6.0"

source-map@^0.6.0:
  version "0.6.1"
  resolved "https://registry.yarnpkg.com/source-map/-/source-map-0.6.1.tgz#74722af32e9614e9c287a8d0bbde48b5e2f1a263"
  integrity sha512-UjgapumWlbMhkBgzT7Ykc5YXUT46F0iKu8SGXq0bcwP5dz/h0Plj6enJqjz1Zbq2l5WaqYnrVbwWOWMyF3F47g==

sparse-bitfield@^3.0.3:
  version "3.0.3"
  resolved "https://registry.yarnpkg.com/sparse-bitfield/-/sparse-bitfield-3.0.3.tgz#ff4ae6e68656056ba4b3e792ab3334d38273ca11"
  integrity sha1-/0rm5oZWBWuks+eSqzM004JzyhE=
  dependencies:
    memory-pager "^1.0.2"

string_decoder@~1.1.1:
  version "1.1.1"
  resolved "https://registry.yarnpkg.com/string_decoder/-/string_decoder-1.1.1.tgz#9cf1611ba62685d7030ae9e4ba34149c3af03fc8"
  integrity sha512-n/ShnvDi6FHbbVfviro+WojiFzv+s8MPMHBczVePfUpDJLwoLT0ht1l4YwBCbi8pJAveEEdnkHyPyTP/mzRfwg==
  dependencies:
    safe-buffer "~5.1.0"

universalify@2.0.0, universalify@^1.0.0, universalify@^2.0.0:
  version "2.0.0"
  resolved "https://registry.yarnpkg.com/universalify/-/universalify-2.0.0.tgz#75a4984efedc4b08975c5aeb73f530d02df25717"
  integrity sha512-hAZsKq7Yy11Zu1DE0OzWjw7nnLZmJZYTDZZyEFHZdUhV8FkH5MCfoU1XMaxXovpyW5nq5scPqq0ZDP9Zyl04oQ==

util-deprecate@~1.0.1:
  version "1.0.2"
  resolved "https://registry.yarnpkg.com/util-deprecate/-/util-deprecate-1.0.2.tgz#450d4dc9fa70de732762fbd2d4a28981419a0ccf"
  integrity sha1-RQ1Nyfpw3nMnYvvS1KKJgUGaDM8=

uuid@^8.3.2:
  version "8.3.2"
  resolved "https://registry.yarnpkg.com/uuid/-/uuid-8.3.2.tgz#80d5b5ced271bb9af6c445f21a1a04c606cefbe2"
  integrity sha512-+NYs2QeMWy+GWFOEm9xnn6HCDp0l7QBD7ml8zLUmJ+93Q5NF0NocErnwkTkXVFNiX3/fpC6afS8Dhb/gz7R7eg==

yallist@^4.0.0:
  version "4.0.0"
  resolved "https://registry.yarnpkg.com/yallist/-/yallist-4.0.0.tgz#9bb92790d9c0effec63be73519e11a35019a3a72"
  integrity sha512-3wdGidZyq5PB084XLES5TpOSRA3wjXAlIWMhum2kRcv/41Sn2emQ0dycQW4uZXLejwKvg6EsvbdlVL+FYEct7A==
